// !$*UTF8*$!
{
	archiveVersion = 1;
	classes = {
	};
	objectVersion = 56;
	objects = {

/* Begin PBXBuildFile section */
		6B07EFD72C9199F600F5AC5A /* AppDelegate.swift in Sources */ = {isa = PBXBuildFile; fileRef = 6B07EFD62C9199F600F5AC5A /* AppDelegate.swift */; };
		6B07EFD92C9199F600F5AC5A /* SceneDelegate.swift in Sources */ = {isa = PBXBuildFile; fileRef = 6B07EFD82C9199F600F5AC5A /* SceneDelegate.swift */; };
		6B07EFDB2C9199F600F5AC5A /* SplashPageViewController.swift in Sources */ = {isa = PBXBuildFile; fileRef = 6B07EFDA2C9199F600F5AC5A /* SplashPageViewController.swift */; };
		6B07EFDE2C9199F700F5AC5A /* Base in Resources */ = {isa = PBXBuildFile; fileRef = 6B07EFDD2C9199F700F5AC5A /* Base */; };
		6B07EFE02C9199F800F5AC5A /* Assets.xcassets in Resources */ = {isa = PBXBuildFile; fileRef = 6B07EFDF2C9199F800F5AC5A /* Assets.xcassets */; };
		6B07EFE32C9199F800F5AC5A /* Base in Resources */ = {isa = PBXBuildFile; fileRef = 6B07EFE22C9199F800F5AC5A /* Base */; };
		6B07EFF22C91A25C00F5AC5A /* SFProText-Medium.ttf in Resources */ = {isa = PBXBuildFile; fileRef = 6B07EFEF2C91A0EE00F5AC5A /* SFProText-Medium.ttf */; };
		6B07EFF32C91A25E00F5AC5A /* SFProText-Bold.ttf in Resources */ = {isa = PBXBuildFile; fileRef = 6B07EFEE2C91A0D400F5AC5A /* SFProText-Bold.ttf */; };
		6B07EFF42C91A26100F5AC5A /* SFProText-Semibold.ttf in Resources */ = {isa = PBXBuildFile; fileRef = 6B07EFF12C91A0FC00F5AC5A /* SFProText-Semibold.ttf */; };
		6B07EFF52C91A26300F5AC5A /* SFProText-Regular.ttf in Resources */ = {isa = PBXBuildFile; fileRef = 6B07EFF02C91A0F600F5AC5A /* SFProText-Regular.ttf */; };
		6B07EFFC2C91A33C00F5AC5A /* FirstSplashViewController.swift in Sources */ = {isa = PBXBuildFile; fileRef = 6B07EFF62C91A29C00F5AC5A /* FirstSplashViewController.swift */; };
		6B07EFFD2C91A33F00F5AC5A /* SecondSplashViewController.swift in Sources */ = {isa = PBXBuildFile; fileRef = 6B07EFF82C91A2A500F5AC5A /* SecondSplashViewController.swift */; };
		6B07F0002C91A3C700F5AC5A /* UserDefaultsKeys.swift in Sources */ = {isa = PBXBuildFile; fileRef = 6B07EFFF2C91A3C700F5AC5A /* UserDefaultsKeys.swift */; };
		6B07F0012C91A41900F5AC5A /* FirstSplashViewController.xib in Resources */ = {isa = PBXBuildFile; fileRef = 6B07EFF72C91A2A200F5AC5A /* FirstSplashViewController.xib */; };
		6B07F0022C91A41C00F5AC5A /* SecondSplashViewController.xib in Resources */ = {isa = PBXBuildFile; fileRef = 6B07EFF92C91A2A700F5AC5A /* SecondSplashViewController.xib */; };
		6B086BC52C9361BE00E1B538 /* FactModel.swift in Sources */ = {isa = PBXBuildFile; fileRef = 6B086BC42C9361BE00E1B538 /* FactModel.swift */; };
		6B086BCB2C93638C00E1B538 /* FactViewController.swift in Sources */ = {isa = PBXBuildFile; fileRef = 6B086BC92C93638C00E1B538 /* FactViewController.swift */; };
		6B086BCC2C93638C00E1B538 /* FactViewController.xib in Resources */ = {isa = PBXBuildFile; fileRef = 6B086BCA2C93638C00E1B538 /* FactViewController.xib */; };
		6B086BCF2C936B2B00E1B538 /* FactsViewModel.swift in Sources */ = {isa = PBXBuildFile; fileRef = 6B086BCE2C936B2B00E1B538 /* FactsViewModel.swift */; };
		6B086BD42C936CC600E1B538 /* SettingsViewController.swift in Sources */ = {isa = PBXBuildFile; fileRef = 6B086BD22C936CC600E1B538 /* SettingsViewController.swift */; };
		6B086BD52C936CC600E1B538 /* SettingsViewController.xib in Resources */ = {isa = PBXBuildFile; fileRef = 6B086BD32C936CC600E1B538 /* SettingsViewController.xib */; };
		6B14FE992C91A97A00961B01 /* Font.swift in Sources */ = {isa = PBXBuildFile; fileRef = 6B14FE982C91A97A00961B01 /* Font.swift */; };
		6B14FE9C2C91AC3300961B01 /* WelcomeViewController.xib in Resources */ = {isa = PBXBuildFile; fileRef = 6B14FE9B2C91AC3300961B01 /* WelcomeViewController.xib */; };
		6B14FE9D2C91AC3300961B01 /* WelcomeViewController.swift in Sources */ = {isa = PBXBuildFile; fileRef = 6B14FE9A2C91AC3300961B01 /* WelcomeViewController.swift */; };
		6B14FEA52C91B0C800961B01 /* MenuViewController.xib in Resources */ = {isa = PBXBuildFile; fileRef = 6B14FEA42C91B0C800961B01 /* MenuViewController.xib */; };
		6B14FEA62C91B0C800961B01 /* MenuViewController.swift in Sources */ = {isa = PBXBuildFile; fileRef = 6B14FEA32C91B0C800961B01 /* MenuViewController.swift */; };
		6B14FEA72C91BE7900961B01 /* Splash.storyboard in Resources */ = {isa = PBXBuildFile; fileRef = 6B07EFDC2C9199F700F5AC5A /* Splash.storyboard */; };
		6B14FEA92C91BF9900961B01 /* SplashViewController.swift in Sources */ = {isa = PBXBuildFile; fileRef = 6B14FEA82C91BF9900961B01 /* SplashViewController.swift */; };
		6B14FEAD2C91C2C200961B01 /* ClassesViewController.xib in Resources */ = {isa = PBXBuildFile; fileRef = 6B14FEAC2C91C2C200961B01 /* ClassesViewController.xib */; };
		6B14FEAE2C91C2C200961B01 /* ClassesViewController.swift in Sources */ = {isa = PBXBuildFile; fileRef = 6B14FEAB2C91C2C200961B01 /* ClassesViewController.swift */; };
		6B14FEB12C91C32D00961B01 /* FSCalendar in Frameworks */ = {isa = PBXBuildFile; productRef = 6B14FEB02C91C32D00961B01 /* FSCalendar */; };
		6B14FEB82C91D16800961B01 /* ClassesModel.swift in Sources */ = {isa = PBXBuildFile; fileRef = 6B14FEB72C91D16800961B01 /* ClassesModel.swift */; };
		6B14FEBB2C91D3D500961B01 /* ClassesViewModel.swift in Sources */ = {isa = PBXBuildFile; fileRef = 6B14FEBA2C91D3D500961B01 /* ClassesViewModel.swift */; };
		6B14FEF82C91EE4E00961B01 /* TodayEventPresentationController.swift in Sources */ = {isa = PBXBuildFile; fileRef = 6B14FEF72C91EE4E00961B01 /* TodayEventPresentationController.swift */; };
		6B17C58C2C921E130084F6E0 /* ClassesTableViewCell.swift in Sources */ = {isa = PBXBuildFile; fileRef = 6B17C58A2C921E130084F6E0 /* ClassesTableViewCell.swift */; };
		6B17C58D2C921E130084F6E0 /* ClassesTableViewCell.xib in Resources */ = {isa = PBXBuildFile; fileRef = 6B17C58B2C921E130084F6E0 /* ClassesTableViewCell.xib */; };
		6B17C5902C921FAF0084F6E0 /* DayNameTableViewCell.swift in Sources */ = {isa = PBXBuildFile; fileRef = 6B17C58E2C921FAF0084F6E0 /* DayNameTableViewCell.swift */; };
		6B17C5912C921FAF0084F6E0 /* DayNameTableViewCell.xib in Resources */ = {isa = PBXBuildFile; fileRef = 6B17C58F2C921FAF0084F6E0 /* DayNameTableViewCell.xib */; };
		6B17C5942C9229810084F6E0 /* CreateClassViewModel.swift in Sources */ = {isa = PBXBuildFile; fileRef = 6B17C5932C9229810084F6E0 /* CreateClassViewModel.swift */; };
		6B17C5962C924BF70084F6E0 /* BaseTextView.swift in Sources */ = {isa = PBXBuildFile; fileRef = 6B17C5952C924BF70084F6E0 /* BaseTextView.swift */; };
		6B2EADE12C91F43D00E06679 /* CurrentDate.swift in Sources */ = {isa = PBXBuildFile; fileRef = 6B2EADE02C91F43D00E06679 /* CurrentDate.swift */; };
		6B2EADE62C9212C500E06679 /* CreateClassViewController.xib in Resources */ = {isa = PBXBuildFile; fileRef = 6B2EADE52C9212C500E06679 /* CreateClassViewController.xib */; };
		6B2EADE72C9212C500E06679 /* CreateClassViewController.swift in Sources */ = {isa = PBXBuildFile; fileRef = 6B2EADE42C9212C500E06679 /* CreateClassViewController.swift */; };
		6B2EADE92C92130000E06679 /* BaseTextField.swift in Sources */ = {isa = PBXBuildFile; fileRef = 6B2EADE82C92130000E06679 /* BaseTextField.swift */; };
		6BE308AA2C930BB40092E595 /* DayInfoViewController.xib in Resources */ = {isa = PBXBuildFile; fileRef = 6BE308A92C930BB40092E595 /* DayInfoViewController.xib */; };
		6BE308AB2C930BB40092E595 /* DayInfoViewController.swift in Sources */ = {isa = PBXBuildFile; fileRef = 6BE308A82C930BB40092E595 /* DayInfoViewController.swift */; };
		6BE308AF2C9318E70092E595 /* NotesTableViewCell.xib in Resources */ = {isa = PBXBuildFile; fileRef = 6BE308AE2C9318E70092E595 /* NotesTableViewCell.xib */; };
		6BE308B02C9318E70092E595 /* NotesTableViewCell.swift in Sources */ = {isa = PBXBuildFile; fileRef = 6BE308AD2C9318E70092E595 /* NotesTableViewCell.swift */; };
		6BE308B52C9334650092E595 /* NotesViewController.xib in Resources */ = {isa = PBXBuildFile; fileRef = 6BE308B42C9334650092E595 /* NotesViewController.xib */; };
		6BE308B62C9334650092E595 /* NotesViewController.swift in Sources */ = {isa = PBXBuildFile; fileRef = 6BE308B32C9334650092E595 /* NotesViewController.swift */; };
		6BE308B92C9334A40092E595 /* NotesViewModel.swift in Sources */ = {isa = PBXBuildFile; fileRef = 6BE308B82C9334A40092E595 /* NotesViewModel.swift */; };
		6BE308BD2C9335CE0092E595 /* NoteTableViewCell.xib in Resources */ = {isa = PBXBuildFile; fileRef = 6BE308BC2C9335CE0092E595 /* NoteTableViewCell.xib */; };
		6BE308BE2C9335CE0092E595 /* NoteTableViewCell.swift in Sources */ = {isa = PBXBuildFile; fileRef = 6BE308BB2C9335CE0092E595 /* NoteTableViewCell.swift */; };
		6BE308C12C9342250092E595 /* NoteDropDownView.swift in Sources */ = {isa = PBXBuildFile; fileRef = 6BE308C02C9342250092E595 /* NoteDropDownView.swift */; };
		6BE308C52C9342C20092E595 /* NoteDropDownView.xib in Resources */ = {isa = PBXBuildFile; fileRef = 6BE308C42C9342C20092E595 /* NoteDropDownView.xib */; };
		6BE308CA2C9359A00092E595 /* FactsViewController.xib in Resources */ = {isa = PBXBuildFile; fileRef = 6BE308C92C9359A00092E595 /* FactsViewController.xib */; };
		6BE308CB2C9359A00092E595 /* FactsViewController.swift in Sources */ = {isa = PBXBuildFile; fileRef = 6BE308C82C9359A00092E595 /* FactsViewController.swift */; };
		6BE308CF2C935A690092E595 /* FactTableViewCell.xib in Resources */ = {isa = PBXBuildFile; fileRef = 6BE308CE2C935A690092E595 /* FactTableViewCell.xib */; };
		6BE308D02C935A690092E595 /* FactTableViewCell.swift in Sources */ = {isa = PBXBuildFile; fileRef = 6BE308CD2C935A690092E595 /* FactTableViewCell.swift */; };
/* End PBXBuildFile section */

/* Begin PBXFileReference section */
		6B07EFD32C9199F600F5AC5A /* Universitet.app */ = {isa = PBXFileReference; explicitFileType = wrapper.application; includeInIndex = 0; path = Universitet.app; sourceTree = BUILT_PRODUCTS_DIR; };
		6B07EFD62C9199F600F5AC5A /* AppDelegate.swift */ = {isa = PBXFileReference; lastKnownFileType = sourcecode.swift; path = AppDelegate.swift; sourceTree = "<group>"; };
		6B07EFD82C9199F600F5AC5A /* SceneDelegate.swift */ = {isa = PBXFileReference; lastKnownFileType = sourcecode.swift; path = SceneDelegate.swift; sourceTree = "<group>"; };
		6B07EFDA2C9199F600F5AC5A /* SplashPageViewController.swift */ = {isa = PBXFileReference; lastKnownFileType = sourcecode.swift; path = SplashPageViewController.swift; sourceTree = "<group>"; };
		6B07EFDD2C9199F700F5AC5A /* Base */ = {isa = PBXFileReference; lastKnownFileType = file.storyboard; name = Base; path = Base.lproj/Splash.storyboard; sourceTree = "<group>"; };
		6B07EFDF2C9199F800F5AC5A /* Assets.xcassets */ = {isa = PBXFileReference; lastKnownFileType = folder.assetcatalog; path = Assets.xcassets; sourceTree = "<group>"; };
		6B07EFE22C9199F800F5AC5A /* Base */ = {isa = PBXFileReference; lastKnownFileType = file.storyboard; name = Base; path = Base.lproj/LaunchScreen.storyboard; sourceTree = "<group>"; };
		6B07EFE42C9199F800F5AC5A /* Info.plist */ = {isa = PBXFileReference; lastKnownFileType = text.plist.xml; path = Info.plist; sourceTree = "<group>"; };
		6B07EFEE2C91A0D400F5AC5A /* SFProText-Bold.ttf */ = {isa = PBXFileReference; lastKnownFileType = file; path = "SFProText-Bold.ttf"; sourceTree = "<group>"; };
		6B07EFEF2C91A0EE00F5AC5A /* SFProText-Medium.ttf */ = {isa = PBXFileReference; lastKnownFileType = file; path = "SFProText-Medium.ttf"; sourceTree = "<group>"; };
		6B07EFF02C91A0F600F5AC5A /* SFProText-Regular.ttf */ = {isa = PBXFileReference; lastKnownFileType = file; path = "SFProText-Regular.ttf"; sourceTree = "<group>"; };
		6B07EFF12C91A0FC00F5AC5A /* SFProText-Semibold.ttf */ = {isa = PBXFileReference; lastKnownFileType = file; path = "SFProText-Semibold.ttf"; sourceTree = "<group>"; };
		6B07EFF62C91A29C00F5AC5A /* FirstSplashViewController.swift */ = {isa = PBXFileReference; lastKnownFileType = sourcecode.swift; path = FirstSplashViewController.swift; sourceTree = "<group>"; };
		6B07EFF72C91A2A200F5AC5A /* FirstSplashViewController.xib */ = {isa = PBXFileReference; lastKnownFileType = file.xib; path = FirstSplashViewController.xib; sourceTree = "<group>"; };
		6B07EFF82C91A2A500F5AC5A /* SecondSplashViewController.swift */ = {isa = PBXFileReference; lastKnownFileType = sourcecode.swift; path = SecondSplashViewController.swift; sourceTree = "<group>"; };
		6B07EFF92C91A2A700F5AC5A /* SecondSplashViewController.xib */ = {isa = PBXFileReference; lastKnownFileType = file.xib; path = SecondSplashViewController.xib; sourceTree = "<group>"; };
		6B07EFFF2C91A3C700F5AC5A /* UserDefaultsKeys.swift */ = {isa = PBXFileReference; lastKnownFileType = sourcecode.swift; path = UserDefaultsKeys.swift; sourceTree = "<group>"; };
		6B086BC42C9361BE00E1B538 /* FactModel.swift */ = {isa = PBXFileReference; lastKnownFileType = sourcecode.swift; path = FactModel.swift; sourceTree = "<group>"; };
		6B086BC92C93638C00E1B538 /* FactViewController.swift */ = {isa = PBXFileReference; lastKnownFileType = sourcecode.swift; path = FactViewController.swift; sourceTree = "<group>"; };
		6B086BCA2C93638C00E1B538 /* FactViewController.xib */ = {isa = PBXFileReference; lastKnownFileType = file.xib; path = FactViewController.xib; sourceTree = "<group>"; };
		6B086BCE2C936B2B00E1B538 /* FactsViewModel.swift */ = {isa = PBXFileReference; lastKnownFileType = sourcecode.swift; path = FactsViewModel.swift; sourceTree = "<group>"; };
		6B086BD22C936CC600E1B538 /* SettingsViewController.swift */ = {isa = PBXFileReference; lastKnownFileType = sourcecode.swift; path = SettingsViewController.swift; sourceTree = "<group>"; };
		6B086BD32C936CC600E1B538 /* SettingsViewController.xib */ = {isa = PBXFileReference; lastKnownFileType = file.xib; path = SettingsViewController.xib; sourceTree = "<group>"; };
		6B14FE982C91A97A00961B01 /* Font.swift */ = {isa = PBXFileReference; lastKnownFileType = sourcecode.swift; path = Font.swift; sourceTree = "<group>"; };
		6B14FE9A2C91AC3300961B01 /* WelcomeViewController.swift */ = {isa = PBXFileReference; lastKnownFileType = sourcecode.swift; path = WelcomeViewController.swift; sourceTree = "<group>"; };
		6B14FE9B2C91AC3300961B01 /* WelcomeViewController.xib */ = {isa = PBXFileReference; lastKnownFileType = file.xib; path = WelcomeViewController.xib; sourceTree = "<group>"; };
		6B14FEA32C91B0C800961B01 /* MenuViewController.swift */ = {isa = PBXFileReference; lastKnownFileType = sourcecode.swift; path = MenuViewController.swift; sourceTree = "<group>"; };
		6B14FEA42C91B0C800961B01 /* MenuViewController.xib */ = {isa = PBXFileReference; lastKnownFileType = file.xib; path = MenuViewController.xib; sourceTree = "<group>"; };
		6B14FEA82C91BF9900961B01 /* SplashViewController.swift */ = {isa = PBXFileReference; lastKnownFileType = sourcecode.swift; path = SplashViewController.swift; sourceTree = "<group>"; };
		6B14FEAB2C91C2C200961B01 /* ClassesViewController.swift */ = {isa = PBXFileReference; lastKnownFileType = sourcecode.swift; path = ClassesViewController.swift; sourceTree = "<group>"; };
		6B14FEAC2C91C2C200961B01 /* ClassesViewController.xib */ = {isa = PBXFileReference; lastKnownFileType = file.xib; path = ClassesViewController.xib; sourceTree = "<group>"; };
		6B14FEB72C91D16800961B01 /* ClassesModel.swift */ = {isa = PBXFileReference; lastKnownFileType = sourcecode.swift; path = ClassesModel.swift; sourceTree = "<group>"; };
		6B14FEBA2C91D3D500961B01 /* ClassesViewModel.swift */ = {isa = PBXFileReference; lastKnownFileType = sourcecode.swift; path = ClassesViewModel.swift; sourceTree = "<group>"; };
		6B14FEF72C91EE4E00961B01 /* TodayEventPresentationController.swift */ = {isa = PBXFileReference; lastKnownFileType = sourcecode.swift; path = TodayEventPresentationController.swift; sourceTree = "<group>"; };
		6B17C58A2C921E130084F6E0 /* ClassesTableViewCell.swift */ = {isa = PBXFileReference; lastKnownFileType = sourcecode.swift; path = ClassesTableViewCell.swift; sourceTree = "<group>"; };
		6B17C58B2C921E130084F6E0 /* ClassesTableViewCell.xib */ = {isa = PBXFileReference; lastKnownFileType = file.xib; path = ClassesTableViewCell.xib; sourceTree = "<group>"; };
		6B17C58E2C921FAF0084F6E0 /* DayNameTableViewCell.swift */ = {isa = PBXFileReference; lastKnownFileType = sourcecode.swift; path = DayNameTableViewCell.swift; sourceTree = "<group>"; };
		6B17C58F2C921FAF0084F6E0 /* DayNameTableViewCell.xib */ = {isa = PBXFileReference; lastKnownFileType = file.xib; path = DayNameTableViewCell.xib; sourceTree = "<group>"; };
		6B17C5932C9229810084F6E0 /* CreateClassViewModel.swift */ = {isa = PBXFileReference; lastKnownFileType = sourcecode.swift; path = CreateClassViewModel.swift; sourceTree = "<group>"; };
		6B17C5952C924BF70084F6E0 /* BaseTextView.swift */ = {isa = PBXFileReference; lastKnownFileType = sourcecode.swift; path = BaseTextView.swift; sourceTree = "<group>"; };
		6B2EADE02C91F43D00E06679 /* CurrentDate.swift */ = {isa = PBXFileReference; lastKnownFileType = sourcecode.swift; path = CurrentDate.swift; sourceTree = "<group>"; };
		6B2EADE42C9212C500E06679 /* CreateClassViewController.swift */ = {isa = PBXFileReference; lastKnownFileType = sourcecode.swift; path = CreateClassViewController.swift; sourceTree = "<group>"; };
		6B2EADE52C9212C500E06679 /* CreateClassViewController.xib */ = {isa = PBXFileReference; lastKnownFileType = file.xib; path = CreateClassViewController.xib; sourceTree = "<group>"; };
		6B2EADE82C92130000E06679 /* BaseTextField.swift */ = {isa = PBXFileReference; lastKnownFileType = sourcecode.swift; path = BaseTextField.swift; sourceTree = "<group>"; };
		6BE308A82C930BB40092E595 /* DayInfoViewController.swift */ = {isa = PBXFileReference; lastKnownFileType = sourcecode.swift; path = DayInfoViewController.swift; sourceTree = "<group>"; };
		6BE308A92C930BB40092E595 /* DayInfoViewController.xib */ = {isa = PBXFileReference; lastKnownFileType = file.xib; path = DayInfoViewController.xib; sourceTree = "<group>"; };
		6BE308AD2C9318E70092E595 /* NotesTableViewCell.swift */ = {isa = PBXFileReference; lastKnownFileType = sourcecode.swift; path = NotesTableViewCell.swift; sourceTree = "<group>"; };
		6BE308AE2C9318E70092E595 /* NotesTableViewCell.xib */ = {isa = PBXFileReference; lastKnownFileType = file.xib; path = NotesTableViewCell.xib; sourceTree = "<group>"; };
		6BE308B32C9334650092E595 /* NotesViewController.swift */ = {isa = PBXFileReference; lastKnownFileType = sourcecode.swift; path = NotesViewController.swift; sourceTree = "<group>"; };
		6BE308B42C9334650092E595 /* NotesViewController.xib */ = {isa = PBXFileReference; lastKnownFileType = file.xib; path = NotesViewController.xib; sourceTree = "<group>"; };
		6BE308B82C9334A40092E595 /* NotesViewModel.swift */ = {isa = PBXFileReference; lastKnownFileType = sourcecode.swift; path = NotesViewModel.swift; sourceTree = "<group>"; };
		6BE308BB2C9335CE0092E595 /* NoteTableViewCell.swift */ = {isa = PBXFileReference; lastKnownFileType = sourcecode.swift; path = NoteTableViewCell.swift; sourceTree = "<group>"; };
		6BE308BC2C9335CE0092E595 /* NoteTableViewCell.xib */ = {isa = PBXFileReference; lastKnownFileType = file.xib; path = NoteTableViewCell.xib; sourceTree = "<group>"; };
		6BE308C02C9342250092E595 /* NoteDropDownView.swift */ = {isa = PBXFileReference; lastKnownFileType = sourcecode.swift; path = NoteDropDownView.swift; sourceTree = "<group>"; };
		6BE308C42C9342C20092E595 /* NoteDropDownView.xib */ = {isa = PBXFileReference; lastKnownFileType = file.xib; path = NoteDropDownView.xib; sourceTree = "<group>"; };
		6BE308C82C9359A00092E595 /* FactsViewController.swift */ = {isa = PBXFileReference; lastKnownFileType = sourcecode.swift; path = FactsViewController.swift; sourceTree = "<group>"; };
		6BE308C92C9359A00092E595 /* FactsViewController.xib */ = {isa = PBXFileReference; lastKnownFileType = file.xib; path = FactsViewController.xib; sourceTree = "<group>"; };
		6BE308CD2C935A690092E595 /* FactTableViewCell.swift */ = {isa = PBXFileReference; lastKnownFileType = sourcecode.swift; path = FactTableViewCell.swift; sourceTree = "<group>"; };
		6BE308CE2C935A690092E595 /* FactTableViewCell.xib */ = {isa = PBXFileReference; lastKnownFileType = file.xib; path = FactTableViewCell.xib; sourceTree = "<group>"; };
/* End PBXFileReference section */

/* Begin PBXFrameworksBuildPhase section */
		6B07EFD02C9199F600F5AC5A /* Frameworks */ = {
			isa = PBXFrameworksBuildPhase;
			buildActionMask = 2147483647;
			files = (
				6B14FEB12C91C32D00961B01 /* FSCalendar in Frameworks */,
			);
			runOnlyForDeploymentPostprocessing = 0;
		};
/* End PBXFrameworksBuildPhase section */

/* Begin PBXGroup section */
		6B07EFCA2C9199F600F5AC5A = {
			isa = PBXGroup;
			children = (
				6B07EFD52C9199F600F5AC5A /* Universitet */,
				6B07EFD42C9199F600F5AC5A /* Products */,
			);
			sourceTree = "<group>";
		};
		6B07EFD42C9199F600F5AC5A /* Products */ = {
			isa = PBXGroup;
			children = (
				6B07EFD32C9199F600F5AC5A /* Universitet.app */,
			);
			name = Products;
			sourceTree = "<group>";
		};
		6B07EFD52C9199F600F5AC5A /* Universitet */ = {
			isa = PBXGroup;
			children = (
				6B086BD02C936CB400E1B538 /* Settings */,
				6BE308C62C9359760092E595 /* Facts */,
				6BE308B12C9334440092E595 /* Notes */,
				6B14FEAA2C91C2B200961B01 /* Classes */,
				6B14FE9E2C91AFB600961B01 /* Menu */,
				6B07EFFE2C91A3B700F5AC5A /* Extensions */,
				6B07EFEA2C919E9E00F5AC5A /* Splash */,
				6B07EFD62C9199F600F5AC5A /* AppDelegate.swift */,
				6B07EFD82C9199F600F5AC5A /* SceneDelegate.swift */,
				6B07EFDF2C9199F800F5AC5A /* Assets.xcassets */,
				6B07EFE12C9199F800F5AC5A /* LaunchScreen.storyboard */,
				6B07EFE42C9199F800F5AC5A /* Info.plist */,
			);
			path = Universitet;
			sourceTree = "<group>";
		};
		6B07EFEA2C919E9E00F5AC5A /* Splash */ = {
			isa = PBXGroup;
			children = (
				6B07EFEC2C919EC600F5AC5A /* SplashPages */,
				6B07EFEB2C919EBF00F5AC5A /* Pager */,
			);
			path = Splash;
			sourceTree = "<group>";
		};
		6B07EFEB2C919EBF00F5AC5A /* Pager */ = {
			isa = PBXGroup;
			children = (
				6B07EFDA2C9199F600F5AC5A /* SplashPageViewController.swift */,
				6B14FEA82C91BF9900961B01 /* SplashViewController.swift */,
				6B07EFDC2C9199F700F5AC5A /* Splash.storyboard */,
				6B07EFED2C91A0C100F5AC5A /* Fonts */,
			);
			path = Pager;
			sourceTree = "<group>";
		};
		6B07EFEC2C919EC600F5AC5A /* SplashPages */ = {
			isa = PBXGroup;
			children = (
				6B07EFF62C91A29C00F5AC5A /* FirstSplashViewController.swift */,
				6B07EFF72C91A2A200F5AC5A /* FirstSplashViewController.xib */,
				6B07EFF82C91A2A500F5AC5A /* SecondSplashViewController.swift */,
				6B07EFF92C91A2A700F5AC5A /* SecondSplashViewController.xib */,
				6B14FE9A2C91AC3300961B01 /* WelcomeViewController.swift */,
				6B14FE9B2C91AC3300961B01 /* WelcomeViewController.xib */,
			);
			path = SplashPages;
			sourceTree = "<group>";
		};
		6B07EFED2C91A0C100F5AC5A /* Fonts */ = {
			isa = PBXGroup;
			children = (
				6B07EFEE2C91A0D400F5AC5A /* SFProText-Bold.ttf */,
				6B07EFEF2C91A0EE00F5AC5A /* SFProText-Medium.ttf */,
				6B07EFF02C91A0F600F5AC5A /* SFProText-Regular.ttf */,
				6B07EFF12C91A0FC00F5AC5A /* SFProText-Semibold.ttf */,
				6B14FE982C91A97A00961B01 /* Font.swift */,
			);
			path = Fonts;
			sourceTree = "<group>";
		};
		6B07EFFE2C91A3B700F5AC5A /* Extensions */ = {
			isa = PBXGroup;
			children = (
				6B07EFFF2C91A3C700F5AC5A /* UserDefaultsKeys.swift */,
				6B2EADE02C91F43D00E06679 /* CurrentDate.swift */,
				6B2EADE82C92130000E06679 /* BaseTextField.swift */,
				6B17C5952C924BF70084F6E0 /* BaseTextView.swift */,
			);
			path = Extensions;
			sourceTree = "<group>";
		};
		6B086BC32C9361B400E1B538 /* Model */ = {
			isa = PBXGroup;
			children = (
				6B086BC42C9361BE00E1B538 /* FactModel.swift */,
			);
			path = Model;
			sourceTree = "<group>";
		};
		6B086BC62C93635B00E1B538 /* FactsList */ = {
			isa = PBXGroup;
			children = (
				6BE308CC2C935A4C0092E595 /* Cell */,
				6B086BC32C9361B400E1B538 /* Model */,
				6BE308C72C9359870092E595 /* View */,
			);
			path = FactsList;
			sourceTree = "<group>";
		};
		6B086BC72C93637600E1B538 /* Fact */ = {
			isa = PBXGroup;
			children = (
				6B086BCD2C936B1C00E1B538 /* ViewModel */,
				6B086BC82C93637B00E1B538 /* View */,
			);
			path = Fact;
			sourceTree = "<group>";
		};
		6B086BC82C93637B00E1B538 /* View */ = {
			isa = PBXGroup;
			children = (
				6B086BC92C93638C00E1B538 /* FactViewController.swift */,
				6B086BCA2C93638C00E1B538 /* FactViewController.xib */,
			);
			path = View;
			sourceTree = "<group>";
		};
		6B086BCD2C936B1C00E1B538 /* ViewModel */ = {
			isa = PBXGroup;
			children = (
				6B086BCE2C936B2B00E1B538 /* FactsViewModel.swift */,
			);
			path = ViewModel;
			sourceTree = "<group>";
		};
		6B086BD02C936CB400E1B538 /* Settings */ = {
			isa = PBXGroup;
			children = (
				6B086BD12C936CBA00E1B538 /* View */,
			);
			path = Settings;
			sourceTree = "<group>";
		};
		6B086BD12C936CBA00E1B538 /* View */ = {
			isa = PBXGroup;
			children = (
				6B086BD22C936CC600E1B538 /* SettingsViewController.swift */,
				6B086BD32C936CC600E1B538 /* SettingsViewController.xib */,
			);
			path = View;
			sourceTree = "<group>";
		};
		6B14FE9E2C91AFB600961B01 /* Menu */ = {
			isa = PBXGroup;
			children = (
				6B14FEA32C91B0C800961B01 /* MenuViewController.swift */,
				6B14FEA42C91B0C800961B01 /* MenuViewController.xib */,
			);
			path = Menu;
			sourceTree = "<group>";
		};
		6B14FEAA2C91C2B200961B01 /* Classes */ = {
			isa = PBXGroup;
			children = (
				6BE308A62C930B940092E595 /* DayInfo */,
				6B2EADE22C92129E00E06679 /* CreateClass */,
				6B14FEB42C91D07500961B01 /* Classes */,
			);
			path = Classes;
			sourceTree = "<group>";
		};
		6B14FEB42C91D07500961B01 /* Classes */ = {
			isa = PBXGroup;
			children = (
				6B14FEF62C91EE0C00961B01 /* Presentation */,
				6B14FEB92C91D3C100961B01 /* ViewModel */,
				6B14FEB62C91D15E00961B01 /* Model */,
				6B14FEB52C91D08700961B01 /* View */,
			);
			path = Classes;
			sourceTree = "<group>";
		};
		6B14FEB52C91D08700961B01 /* View */ = {
			isa = PBXGroup;
			children = (
				6B14FEAB2C91C2C200961B01 /* ClassesViewController.swift */,
				6B14FEAC2C91C2C200961B01 /* ClassesViewController.xib */,
			);
			path = View;
			sourceTree = "<group>";
		};
		6B14FEB62C91D15E00961B01 /* Model */ = {
			isa = PBXGroup;
			children = (
				6B14FEB72C91D16800961B01 /* ClassesModel.swift */,
			);
			path = Model;
			sourceTree = "<group>";
		};
		6B14FEB92C91D3C100961B01 /* ViewModel */ = {
			isa = PBXGroup;
			children = (
				6B14FEBA2C91D3D500961B01 /* ClassesViewModel.swift */,
			);
			path = ViewModel;
			sourceTree = "<group>";
		};
		6B14FEF62C91EE0C00961B01 /* Presentation */ = {
			isa = PBXGroup;
			children = (
				6B14FEF72C91EE4E00961B01 /* TodayEventPresentationController.swift */,
			);
			path = Presentation;
			sourceTree = "<group>";
		};
		6B17C5892C921DF20084F6E0 /* Cell */ = {
			isa = PBXGroup;
			children = (
				6B17C58A2C921E130084F6E0 /* ClassesTableViewCell.swift */,
				6B17C58B2C921E130084F6E0 /* ClassesTableViewCell.xib */,
				6B17C58E2C921FAF0084F6E0 /* DayNameTableViewCell.swift */,
				6B17C58F2C921FAF0084F6E0 /* DayNameTableViewCell.xib */,
			);
			path = Cell;
			sourceTree = "<group>";
		};
		6B17C5922C9229750084F6E0 /* ViewModel */ = {
			isa = PBXGroup;
			children = (
				6B17C5932C9229810084F6E0 /* CreateClassViewModel.swift */,
			);
			path = ViewModel;
			sourceTree = "<group>";
		};
		6B2EADE22C92129E00E06679 /* CreateClass */ = {
			isa = PBXGroup;
			children = (
				6B17C5922C9229750084F6E0 /* ViewModel */,
				6B17C5892C921DF20084F6E0 /* Cell */,
				6B2EADE32C9212BA00E06679 /* View */,
			);
			path = CreateClass;
			sourceTree = "<group>";
		};
		6B2EADE32C9212BA00E06679 /* View */ = {
			isa = PBXGroup;
			children = (
				6B2EADE42C9212C500E06679 /* CreateClassViewController.swift */,
				6B2EADE52C9212C500E06679 /* CreateClassViewController.xib */,
			);
			path = View;
			sourceTree = "<group>";
		};
		6BE308A62C930B940092E595 /* DayInfo */ = {
			isa = PBXGroup;
			children = (
				6BE308AC2C9318D50092E595 /* Cell */,
				6BE308A72C930B9E0092E595 /* View */,
			);
			path = DayInfo;
			sourceTree = "<group>";
		};
		6BE308A72C930B9E0092E595 /* View */ = {
			isa = PBXGroup;
			children = (
				6BE308A82C930BB40092E595 /* DayInfoViewController.swift */,
				6BE308A92C930BB40092E595 /* DayInfoViewController.xib */,
			);
			path = View;
			sourceTree = "<group>";
		};
		6BE308AC2C9318D50092E595 /* Cell */ = {
			isa = PBXGroup;
			children = (
				6BE308AD2C9318E70092E595 /* NotesTableViewCell.swift */,
				6BE308AE2C9318E70092E595 /* NotesTableViewCell.xib */,
			);
			path = Cell;
			sourceTree = "<group>";
		};
		6BE308B12C9334440092E595 /* Notes */ = {
			isa = PBXGroup;
			children = (
				6BE308BF2C9342090092E595 /* DropDown */,
				6BE308BA2C9335B90092E595 /* Cell */,
				6BE308B72C9334720092E595 /* ViewModel */,
				6BE308B22C9334570092E595 /* View */,
			);
			path = Notes;
			sourceTree = "<group>";
		};
		6BE308B22C9334570092E595 /* View */ = {
			isa = PBXGroup;
			children = (
				6BE308B32C9334650092E595 /* NotesViewController.swift */,
				6BE308B42C9334650092E595 /* NotesViewController.xib */,
			);
			path = View;
			sourceTree = "<group>";
		};
		6BE308B72C9334720092E595 /* ViewModel */ = {
			isa = PBXGroup;
			children = (
				6BE308B82C9334A40092E595 /* NotesViewModel.swift */,
			);
			path = ViewModel;
			sourceTree = "<group>";
		};
		6BE308BA2C9335B90092E595 /* Cell */ = {
			isa = PBXGroup;
			children = (
				6BE308BB2C9335CE0092E595 /* NoteTableViewCell.swift */,
				6BE308BC2C9335CE0092E595 /* NoteTableViewCell.xib */,
			);
			path = Cell;
			sourceTree = "<group>";
		};
		6BE308BF2C9342090092E595 /* DropDown */ = {
			isa = PBXGroup;
			children = (
				6BE308C02C9342250092E595 /* NoteDropDownView.swift */,
				6BE308C42C9342C20092E595 /* NoteDropDownView.xib */,
			);
			path = DropDown;
			sourceTree = "<group>";
		};
		6BE308C62C9359760092E595 /* Facts */ = {
			isa = PBXGroup;
			children = (
				6B086BC72C93637600E1B538 /* Fact */,
				6B086BC62C93635B00E1B538 /* FactsList */,
			);
			path = Facts;
			sourceTree = "<group>";
		};
		6BE308C72C9359870092E595 /* View */ = {
			isa = PBXGroup;
			children = (
				6BE308C82C9359A00092E595 /* FactsViewController.swift */,
				6BE308C92C9359A00092E595 /* FactsViewController.xib */,
			);
			path = View;
			sourceTree = "<group>";
		};
		6BE308CC2C935A4C0092E595 /* Cell */ = {
			isa = PBXGroup;
			children = (
				6BE308CD2C935A690092E595 /* FactTableViewCell.swift */,
				6BE308CE2C935A690092E595 /* FactTableViewCell.xib */,
			);
			path = Cell;
			sourceTree = "<group>";
		};
/* End PBXGroup section */

/* Begin PBXNativeTarget section */
		6B07EFD22C9199F600F5AC5A /* Universitet */ = {
			isa = PBXNativeTarget;
			buildConfigurationList = 6B07EFE72C9199F800F5AC5A /* Build configuration list for PBXNativeTarget "Universitet" */;
			buildPhases = (
				6B07EFCF2C9199F600F5AC5A /* Sources */,
				6B07EFD02C9199F600F5AC5A /* Frameworks */,
				6B07EFD12C9199F600F5AC5A /* Resources */,
			);
			buildRules = (
			);
			dependencies = (
			);
			name = Universitet;
			packageProductDependencies = (
				6B14FEB02C91C32D00961B01 /* FSCalendar */,
			);
			productName = Universitet;
			productReference = 6B07EFD32C9199F600F5AC5A /* Universitet.app */;
			productType = "com.apple.product-type.application";
		};
/* End PBXNativeTarget section */

/* Begin PBXProject section */
		6B07EFCB2C9199F600F5AC5A /* Project object */ = {
			isa = PBXProject;
			attributes = {
				BuildIndependentTargetsInParallel = 1;
				LastSwiftUpdateCheck = 1540;
				LastUpgradeCheck = 1540;
				TargetAttributes = {
					6B07EFD22C9199F600F5AC5A = {
						CreatedOnToolsVersion = 15.4;
					};
				};
			};
			buildConfigurationList = 6B07EFCE2C9199F600F5AC5A /* Build configuration list for PBXProject "Universitet" */;
			compatibilityVersion = "Xcode 14.0";
			developmentRegion = en;
			hasScannedForEncodings = 0;
			knownRegions = (
				en,
				Base,
			);
			mainGroup = 6B07EFCA2C9199F600F5AC5A;
			packageReferences = (
				6B14FEAF2C91C32D00961B01 /* XCRemoteSwiftPackageReference "FSCalendar" */,
			);
			productRefGroup = 6B07EFD42C9199F600F5AC5A /* Products */;
			projectDirPath = "";
			projectRoot = "";
			targets = (
				6B07EFD22C9199F600F5AC5A /* Universitet */,
			);
		};
/* End PBXProject section */

/* Begin PBXResourcesBuildPhase section */
		6B07EFD12C9199F600F5AC5A /* Resources */ = {
			isa = PBXResourcesBuildPhase;
			buildActionMask = 2147483647;
			files = (
				6B17C58D2C921E130084F6E0 /* ClassesTableViewCell.xib in Resources */,
				6B07F0012C91A41900F5AC5A /* FirstSplashViewController.xib in Resources */,
				6B14FEAD2C91C2C200961B01 /* ClassesViewController.xib in Resources */,
				6BE308BD2C9335CE0092E595 /* NoteTableViewCell.xib in Resources */,
				6B086BCC2C93638C00E1B538 /* FactViewController.xib in Resources */,
				6B07EFE02C9199F800F5AC5A /* Assets.xcassets in Resources */,
				6B07EFF22C91A25C00F5AC5A /* SFProText-Medium.ttf in Resources */,
				6BE308CA2C9359A00092E595 /* FactsViewController.xib in Resources */,
				6B07EFF52C91A26300F5AC5A /* SFProText-Regular.ttf in Resources */,
				6B086BD52C936CC600E1B538 /* SettingsViewController.xib in Resources */,
				6BE308AA2C930BB40092E595 /* DayInfoViewController.xib in Resources */,
				6B07EFF32C91A25E00F5AC5A /* SFProText-Bold.ttf in Resources */,
				6B14FE9C2C91AC3300961B01 /* WelcomeViewController.xib in Resources */,
				6B07F0022C91A41C00F5AC5A /* SecondSplashViewController.xib in Resources */,
				6B14FEA52C91B0C800961B01 /* MenuViewController.xib in Resources */,
				6BE308CF2C935A690092E595 /* FactTableViewCell.xib in Resources */,
				6B2EADE62C9212C500E06679 /* CreateClassViewController.xib in Resources */,
				6B17C5912C921FAF0084F6E0 /* DayNameTableViewCell.xib in Resources */,
				6B07EFE32C9199F800F5AC5A /* Base in Resources */,
				6BE308B52C9334650092E595 /* NotesViewController.xib in Resources */,
				6B07EFDE2C9199F700F5AC5A /* Base in Resources */,
				6BE308C52C9342C20092E595 /* NoteDropDownView.xib in Resources */,
				6B07EFF42C91A26100F5AC5A /* SFProText-Semibold.ttf in Resources */,
				6B14FEA72C91BE7900961B01 /* Splash.storyboard in Resources */,
				6BE308AF2C9318E70092E595 /* NotesTableViewCell.xib in Resources */,
			);
			runOnlyForDeploymentPostprocessing = 0;
		};
/* End PBXResourcesBuildPhase section */

/* Begin PBXSourcesBuildPhase section */
		6B07EFCF2C9199F600F5AC5A /* Sources */ = {
			isa = PBXSourcesBuildPhase;
			buildActionMask = 2147483647;
			files = (
				6B14FEF82C91EE4E00961B01 /* TodayEventPresentationController.swift in Sources */,
				6BE308BE2C9335CE0092E595 /* NoteTableViewCell.swift in Sources */,
				6B086BD42C936CC600E1B538 /* SettingsViewController.swift in Sources */,
				6B14FE9D2C91AC3300961B01 /* WelcomeViewController.swift in Sources */,
				6B086BC52C9361BE00E1B538 /* FactModel.swift in Sources */,
				6B14FEA62C91B0C800961B01 /* MenuViewController.swift in Sources */,
				6B17C5942C9229810084F6E0 /* CreateClassViewModel.swift in Sources */,
				6B17C5902C921FAF0084F6E0 /* DayNameTableViewCell.swift in Sources */,
				6B07EFDB2C9199F600F5AC5A /* SplashPageViewController.swift in Sources */,
				6BE308D02C935A690092E595 /* FactTableViewCell.swift in Sources */,
				6B07F0002C91A3C700F5AC5A /* UserDefaultsKeys.swift in Sources */,
				6B2EADE12C91F43D00E06679 /* CurrentDate.swift in Sources */,
				6B2EADE72C9212C500E06679 /* CreateClassViewController.swift in Sources */,
				6B086BCF2C936B2B00E1B538 /* FactsViewModel.swift in Sources */,
				6B17C58C2C921E130084F6E0 /* ClassesTableViewCell.swift in Sources */,
				6B2EADE92C92130000E06679 /* BaseTextField.swift in Sources */,
				6BE308B92C9334A40092E595 /* NotesViewModel.swift in Sources */,
				6BE308B02C9318E70092E595 /* NotesTableViewCell.swift in Sources */,
				6BE308C12C9342250092E595 /* NoteDropDownView.swift in Sources */,
				6B07EFD72C9199F600F5AC5A /* AppDelegate.swift in Sources */,
				6BE308CB2C9359A00092E595 /* FactsViewController.swift in Sources */,
				6B07EFFD2C91A33F00F5AC5A /* SecondSplashViewController.swift in Sources */,
				6B17C5962C924BF70084F6E0 /* BaseTextView.swift in Sources */,
				6B14FEAE2C91C2C200961B01 /* ClassesViewController.swift in Sources */,
				6BE308AB2C930BB40092E595 /* DayInfoViewController.swift in Sources */,
				6B14FE992C91A97A00961B01 /* Font.swift in Sources */,
				6B086BCB2C93638C00E1B538 /* FactViewController.swift in Sources */,
				6B14FEB82C91D16800961B01 /* ClassesModel.swift in Sources */,
				6B14FEBB2C91D3D500961B01 /* ClassesViewModel.swift in Sources */,
				6BE308B62C9334650092E595 /* NotesViewController.swift in Sources */,
				6B07EFD92C9199F600F5AC5A /* SceneDelegate.swift in Sources */,
				6B07EFFC2C91A33C00F5AC5A /* FirstSplashViewController.swift in Sources */,
				6B14FEA92C91BF9900961B01 /* SplashViewController.swift in Sources */,
			);
			runOnlyForDeploymentPostprocessing = 0;
		};
/* End PBXSourcesBuildPhase section */

/* Begin PBXVariantGroup section */
		6B07EFDC2C9199F700F5AC5A /* Splash.storyboard */ = {
			isa = PBXVariantGroup;
			children = (
				6B07EFDD2C9199F700F5AC5A /* Base */,
			);
			name = Splash.storyboard;
			sourceTree = "<group>";
		};
		6B07EFE12C9199F800F5AC5A /* LaunchScreen.storyboard */ = {
			isa = PBXVariantGroup;
			children = (
				6B07EFE22C9199F800F5AC5A /* Base */,
			);
			name = LaunchScreen.storyboard;
			sourceTree = "<group>";
		};
/* End PBXVariantGroup section */

/* Begin XCBuildConfiguration section */
		6B07EFE52C9199F800F5AC5A /* Debug */ = {
			isa = XCBuildConfiguration;
			buildSettings = {
				ALWAYS_SEARCH_USER_PATHS = NO;
				ASSETCATALOG_COMPILER_GENERATE_SWIFT_ASSET_SYMBOL_EXTENSIONS = YES;
				CLANG_ANALYZER_NONNULL = YES;
				CLANG_ANALYZER_NUMBER_OBJECT_CONVERSION = YES_AGGRESSIVE;
				CLANG_CXX_LANGUAGE_STANDARD = "gnu++20";
				CLANG_ENABLE_MODULES = YES;
				CLANG_ENABLE_OBJC_ARC = YES;
				CLANG_ENABLE_OBJC_WEAK = YES;
				CLANG_WARN_BLOCK_CAPTURE_AUTORELEASING = YES;
				CLANG_WARN_BOOL_CONVERSION = YES;
				CLANG_WARN_COMMA = YES;
				CLANG_WARN_CONSTANT_CONVERSION = YES;
				CLANG_WARN_DEPRECATED_OBJC_IMPLEMENTATIONS = YES;
				CLANG_WARN_DIRECT_OBJC_ISA_USAGE = YES_ERROR;
				CLANG_WARN_DOCUMENTATION_COMMENTS = YES;
				CLANG_WARN_EMPTY_BODY = YES;
				CLANG_WARN_ENUM_CONVERSION = YES;
				CLANG_WARN_INFINITE_RECURSION = YES;
				CLANG_WARN_INT_CONVERSION = YES;
				CLANG_WARN_NON_LITERAL_NULL_CONVERSION = YES;
				CLANG_WARN_OBJC_IMPLICIT_RETAIN_SELF = YES;
				CLANG_WARN_OBJC_LITERAL_CONVERSION = YES;
				CLANG_WARN_OBJC_ROOT_CLASS = YES_ERROR;
				CLANG_WARN_QUOTED_INCLUDE_IN_FRAMEWORK_HEADER = YES;
				CLANG_WARN_RANGE_LOOP_ANALYSIS = YES;
				CLANG_WARN_STRICT_PROTOTYPES = YES;
				CLANG_WARN_SUSPICIOUS_MOVE = YES;
				CLANG_WARN_UNGUARDED_AVAILABILITY = YES_AGGRESSIVE;
				CLANG_WARN_UNREACHABLE_CODE = YES;
				CLANG_WARN__DUPLICATE_METHOD_MATCH = YES;
				COPY_PHASE_STRIP = NO;
				DEBUG_INFORMATION_FORMAT = dwarf;
				ENABLE_STRICT_OBJC_MSGSEND = YES;
				ENABLE_TESTABILITY = YES;
				ENABLE_USER_SCRIPT_SANDBOXING = YES;
				GCC_C_LANGUAGE_STANDARD = gnu17;
				GCC_DYNAMIC_NO_PIC = NO;
				GCC_NO_COMMON_BLOCKS = YES;
				GCC_OPTIMIZATION_LEVEL = 0;
				GCC_PREPROCESSOR_DEFINITIONS = (
					"DEBUG=1",
					"$(inherited)",
				);
				GCC_WARN_64_TO_32_BIT_CONVERSION = YES;
				GCC_WARN_ABOUT_RETURN_TYPE = YES_ERROR;
				GCC_WARN_UNDECLARED_SELECTOR = YES;
				GCC_WARN_UNINITIALIZED_AUTOS = YES_AGGRESSIVE;
				GCC_WARN_UNUSED_FUNCTION = YES;
				GCC_WARN_UNUSED_VARIABLE = YES;
				IPHONEOS_DEPLOYMENT_TARGET = 15.0;
				LOCALIZATION_PREFERS_STRING_CATALOGS = YES;
				MTL_ENABLE_DEBUG_INFO = INCLUDE_SOURCE;
				MTL_FAST_MATH = YES;
				ONLY_ACTIVE_ARCH = YES;
				SDKROOT = iphoneos;
				SWIFT_ACTIVE_COMPILATION_CONDITIONS = "DEBUG $(inherited)";
				SWIFT_OPTIMIZATION_LEVEL = "-Onone";
			};
			name = Debug;
		};
		6B07EFE62C9199F800F5AC5A /* Release */ = {
			isa = XCBuildConfiguration;
			buildSettings = {
				ALWAYS_SEARCH_USER_PATHS = NO;
				ASSETCATALOG_COMPILER_GENERATE_SWIFT_ASSET_SYMBOL_EXTENSIONS = YES;
				CLANG_ANALYZER_NONNULL = YES;
				CLANG_ANALYZER_NUMBER_OBJECT_CONVERSION = YES_AGGRESSIVE;
				CLANG_CXX_LANGUAGE_STANDARD = "gnu++20";
				CLANG_ENABLE_MODULES = YES;
				CLANG_ENABLE_OBJC_ARC = YES;
				CLANG_ENABLE_OBJC_WEAK = YES;
				CLANG_WARN_BLOCK_CAPTURE_AUTORELEASING = YES;
				CLANG_WARN_BOOL_CONVERSION = YES;
				CLANG_WARN_COMMA = YES;
				CLANG_WARN_CONSTANT_CONVERSION = YES;
				CLANG_WARN_DEPRECATED_OBJC_IMPLEMENTATIONS = YES;
				CLANG_WARN_DIRECT_OBJC_ISA_USAGE = YES_ERROR;
				CLANG_WARN_DOCUMENTATION_COMMENTS = YES;
				CLANG_WARN_EMPTY_BODY = YES;
				CLANG_WARN_ENUM_CONVERSION = YES;
				CLANG_WARN_INFINITE_RECURSION = YES;
				CLANG_WARN_INT_CONVERSION = YES;
				CLANG_WARN_NON_LITERAL_NULL_CONVERSION = YES;
				CLANG_WARN_OBJC_IMPLICIT_RETAIN_SELF = YES;
				CLANG_WARN_OBJC_LITERAL_CONVERSION = YES;
				CLANG_WARN_OBJC_ROOT_CLASS = YES_ERROR;
				CLANG_WARN_QUOTED_INCLUDE_IN_FRAMEWORK_HEADER = YES;
				CLANG_WARN_RANGE_LOOP_ANALYSIS = YES;
				CLANG_WARN_STRICT_PROTOTYPES = YES;
				CLANG_WARN_SUSPICIOUS_MOVE = YES;
				CLANG_WARN_UNGUARDED_AVAILABILITY = YES_AGGRESSIVE;
				CLANG_WARN_UNREACHABLE_CODE = YES;
				CLANG_WARN__DUPLICATE_METHOD_MATCH = YES;
				COPY_PHASE_STRIP = NO;
				DEBUG_INFORMATION_FORMAT = "dwarf-with-dsym";
				ENABLE_NS_ASSERTIONS = NO;
				ENABLE_STRICT_OBJC_MSGSEND = YES;
				ENABLE_USER_SCRIPT_SANDBOXING = YES;
				GCC_C_LANGUAGE_STANDARD = gnu17;
				GCC_NO_COMMON_BLOCKS = YES;
				GCC_WARN_64_TO_32_BIT_CONVERSION = YES;
				GCC_WARN_ABOUT_RETURN_TYPE = YES_ERROR;
				GCC_WARN_UNDECLARED_SELECTOR = YES;
				GCC_WARN_UNINITIALIZED_AUTOS = YES_AGGRESSIVE;
				GCC_WARN_UNUSED_FUNCTION = YES;
				GCC_WARN_UNUSED_VARIABLE = YES;
				IPHONEOS_DEPLOYMENT_TARGET = 15.0;
				LOCALIZATION_PREFERS_STRING_CATALOGS = YES;
				MTL_ENABLE_DEBUG_INFO = NO;
				MTL_FAST_MATH = YES;
				SDKROOT = iphoneos;
				SWIFT_COMPILATION_MODE = wholemodule;
				VALIDATE_PRODUCT = YES;
			};
			name = Release;
		};
		6B07EFE82C9199F800F5AC5A /* Debug */ = {
			isa = XCBuildConfiguration;
			buildSettings = {
				ASSETCATALOG_COMPILER_APPICON_NAME = AppIcon;
				ASSETCATALOG_COMPILER_GLOBAL_ACCENT_COLOR_NAME = AccentColor;
				CODE_SIGN_STYLE = Automatic;
				CURRENT_PROJECT_VERSION = 1;
				DEVELOPMENT_TEAM = 9YUSQBCAX9;
				GENERATE_INFOPLIST_FILE = YES;
				INFOPLIST_FILE = Universitet/Info.plist;
				INFOPLIST_KEY_UIApplicationSupportsIndirectInputEvents = YES;
				INFOPLIST_KEY_UILaunchStoryboardName = LaunchScreen;
				INFOPLIST_KEY_UIMainStoryboardFile = Splash;
				INFOPLIST_KEY_UISupportedInterfaceOrientations = UIInterfaceOrientationPortrait;
				LD_RUNPATH_SEARCH_PATHS = (
					"$(inherited)",
					"@executable_path/Frameworks",
				);
				MARKETING_VERSION = 1.0;
				PRODUCT_BUNDLE_IDENTIFIER = Karen.Universitet;
				PRODUCT_NAME = "$(TARGET_NAME)";
				SWIFT_EMIT_LOC_STRINGS = YES;
				SWIFT_VERSION = 5.0;
				TARGETED_DEVICE_FAMILY = "1,2";
			};
			name = Debug;
		};
		6B07EFE92C9199F800F5AC5A /* Release */ = {
			isa = XCBuildConfiguration;
			buildSettings = {
				ASSETCATALOG_COMPILER_APPICON_NAME = AppIcon;
				ASSETCATALOG_COMPILER_GLOBAL_ACCENT_COLOR_NAME = AccentColor;
				CODE_SIGN_STYLE = Automatic;
				CURRENT_PROJECT_VERSION = 1;
				DEVELOPMENT_TEAM = 9YUSQBCAX9;
				GENERATE_INFOPLIST_FILE = YES;
				INFOPLIST_FILE = Universitet/Info.plist;
				INFOPLIST_KEY_UIApplicationSupportsIndirectInputEvents = YES;
				INFOPLIST_KEY_UILaunchStoryboardName = LaunchScreen;
				INFOPLIST_KEY_UIMainStoryboardFile = Splash;
				INFOPLIST_KEY_UISupportedInterfaceOrientations = UIInterfaceOrientationPortrait;
				LD_RUNPATH_SEARCH_PATHS = (
					"$(inherited)",
					"@executable_path/Frameworks",
				);
				MARKETING_VERSION = 1.0;
				PRODUCT_BUNDLE_IDENTIFIER = Karen.Universitet;
				PRODUCT_NAME = "$(TARGET_NAME)";
				SWIFT_EMIT_LOC_STRINGS = YES;
				SWIFT_VERSION = 5.0;
				TARGETED_DEVICE_FAMILY = "1,2";
			};
			name = Release;
		};
/* End XCBuildConfiguration section */

/* Begin XCConfigurationList section */
		6B07EFCE2C9199F600F5AC5A /* Build configuration list for PBXProject "Universitet" */ = {
			isa = XCConfigurationList;
			buildConfigurations = (
				6B07EFE52C9199F800F5AC5A /* Debug */,
				6B07EFE62C9199F800F5AC5A /* Release */,
			);
			defaultConfigurationIsVisible = 0;
			defaultConfigurationName = Release;
		};
		6B07EFE72C9199F800F5AC5A /* Build configuration list for PBXNativeTarget "Universitet" */ = {
			isa = XCConfigurationList;
			buildConfigurations = (
				6B07EFE82C9199F800F5AC5A /* Debug */,
				6B07EFE92C9199F800F5AC5A /* Release */,
			);
			defaultConfigurationIsVisible = 0;
			defaultConfigurationName = Release;
		};
/* End XCConfigurationList section */

/* Begin XCRemoteSwiftPackageReference section */
		6B14FEAF2C91C32D00961B01 /* XCRemoteSwiftPackageReference "FSCalendar" */ = {
			isa = XCRemoteSwiftPackageReference;
			repositoryURL = "https://github.com/WenchaoD/FSCalendar.git";
			requirement = {
				kind = upToNextMajorVersion;
				minimumVersion = 2.8.4;
			};
		};
/* End XCRemoteSwiftPackageReference section */

/* Begin XCSwiftPackageProductDependency section */
		6B14FEB02C91C32D00961B01 /* FSCalendar */ = {
			isa = XCSwiftPackageProductDependency;
			package = 6B14FEAF2C91C32D00961B01 /* XCRemoteSwiftPackageReference "FSCalendar" */;
			productName = FSCalendar;
		};
/* End XCSwiftPackageProductDependency section */
	};
	rootObject = 6B07EFCB2C9199F600F5AC5A /* Project object */;
}
